PODS:
  - JUtilities (1.1):
    - JUtilities/Foundation (= 1.1)
    - JUtilities/Runtime (= 1.1)
    - JUtilities/UIKit (= 1.1)
  - JUtilities/Foundation (1.1)
  - JUtilities/Runtime (1.1)
  - JUtilities/UIKit (1.1):
    - JUtilities/UIKit/UIResponderRouter (= 1.1)
  - JUtilities/UIKit/UIResponderRouter (1.1)

DEPENDENCIES:
  - JUtilities (from `./`)

EXTERNAL SOURCES:
  JUtilities:
    :path: "./"

SPEC CHECKSUMS:
  JUtilities: 38bdbc6bf61a2b17670f14883a5df99f0c020f34

PODFILE CHECKSUM: 74289aa93f69fd0fb0f809561395915788751e3d

COCOAPODS: 1.6.1
